
Microsoft Visual Studio Solution File, Format Version 12.00
# Visual Studio Version 17
VisualStudioVersion = 17.6.33829.357
MinimumVisualStudioVersion = 10.0.40219.1
Project("{FAE04EC0-301F-11D3-BF4B-00C04F79EFBC}") = "CSharp_dethithu", "CSharp_dethithu.csproj", "{55625F81-51E0-4C93-8279-F6ED9AF895BA}"
EndProject
Global
	GlobalSection(SolutionConfigurationPlatforms) = preSolution
		Debug|Any CPU = Debug|Any CPU
		Release|Any CPU = Release|Any CPU
	EndGlobalSection
	GlobalSection(ProjectConfigurationPlatforms) = postSolution
		{55625F81-51E0-4C93-8279-F6ED9AF895BA}.Debug|Any CPU.ActiveCfg = Debug|Any CPU
		{55625F81-51E0-4C93-8279-F6ED9AF895BA}.Debug|Any CPU.Build.0 = Debug|Any CPU
		{55625F81-51E0-4C93-8279-F6ED9AF895BA}.Release|Any CPU.ActiveCfg = Release|Any CPU
		{55625F81-51E0-4C93-8279-F6ED9AF895BA}.Release|Any CPU.Build.0 = Release|Any CPU
	EndGlobalSection
	GlobalSection(SolutionProperties) = preSolution
		HideSolutionNode = FALSE
	EndGlobalSection
	GlobalSection(ExtensibilityGlobals) = postSolution
		SolutionGuid = {4BBFB3BB-0A51-4232-9062-2B690DBDD624}
	EndGlobalSection
EndGlobal
